{
  "name": "student_explorer",
  "version": "2.7.1",
  "lockfileVersion": 1,
  "requires": true,
  "dependencies": {
    "bootstrap": {
      "version": "3.3.4",
      "resolved": "https://registry.npmjs.org/bootstrap/-/bootstrap-3.3.4.tgz",
      "integrity": "sha1-AjeLSmts56VeOt0e2uQa1590ZGo="
    },
    "components-font-awesome": {
      "version": "5.9.0",
      "resolved": "https://registry.npmjs.org/components-font-awesome/-/components-font-awesome-5.9.0.tgz",
      "integrity": "sha512-AjY5WwmKripvroQ1oYpCC4eK8efavSKUGN/ATgwcbyz/kRmojslH8l6Mrlxq071bdzBrZvCxi+RKgU5ao3bU+A=="
    },
    "d3": {
      "version": "3.5.17",
      "resolved": "https://registry.npmjs.org/d3/-/d3-3.5.17.tgz",
      "integrity": "sha1-vEZ0gAQ3iyGjYMn8fPUjF5B2L7g="
    },
    "d3-browserify": {
      "version": "3.4.12",
      "resolved": "https://registry.npmjs.org/d3-browserify/-/d3-browserify-3.4.12.tgz",
      "integrity": "sha1-sS58yp0yhqxd7BLQpuxdzVeLXx0="
    },
    "jquery": {
      "version": "3.4.1",
      "resolved": "https://registry.npmjs.org/jquery/-/jquery-3.4.1.tgz",
      "integrity": "sha512-36+AdBzCL+y6qjw5Tx7HgzeGCzC81MDDgaUP8ld2zhx58HdqXGoBd+tHdrBMiyjGQs0Hxs/MLZTu/eHNJJuWPw=="
    },
    "nvd3": {
      "version": "1.1.15-beta2",
      "resolved": "https://registry.npmjs.org/nvd3/-/nvd3-1.1.15-beta2.tgz",
      "integrity": "sha1-EJPq+qjA54FyQ7aEgp1//1njhxk=",
      "requires": {
        "d3-browserify": "^3.4.12"
      }
    },
    "tablesorter": {
      "version": "2.31.2",
      "resolved": "https://registry.npmjs.org/tablesorter/-/tablesorter-2.31.2.tgz",
      "integrity": "sha512-e4ubgJpHNXHWm8tR+eGt2BPAqoOCY+uOQ6PVDCgtklCtJO6VHmORmjZdtm9aYqSqWsUih72wB0nS95JiXZ2l2g==",
      "requires": {
        "jquery": ">=1.2.6"
      }
    }
  }
}
