{
  "name": "student_explorer",
  "version": "2.8.0",
  "lockfileVersion": 2,
  "requires": true,
  "packages": {
    "": {
      "name": "student_explorer",
      "version": "2.8.0",
      "license": "Apache-2.0",
      "dependencies": {
        "bootstrap": "3.4.1",
        "components-font-awesome": "5.9.0",
        "d3": "3.5.17",
        "jquery": "3.6.0",
        "nvd3": "1.1.15-beta2",
        "tablesorter": "2.31.3"
      }
    },
    "node_modules/bootstrap": {
      "version": "3.4.1",
      "resolved": "https://registry.npmjs.org/bootstrap/-/bootstrap-3.4.1.tgz",
      "integrity": "sha512-yN5oZVmRCwe5aKwzRj6736nSmKDX7pLYwsXiCj/EYmo16hODaBiT4En5btW/jhBF/seV+XMx3aYwukYC3A49DA==",
      "engines": {
        "node": ">=6"
      }
    },
    "node_modules/components-font-awesome": {
      "version": "5.9.0",
      "resolved": "https://registry.npmjs.org/components-font-awesome/-/components-font-awesome-5.9.0.tgz",
      "integrity": "sha512-AjY5WwmKripvroQ1oYpCC4eK8efavSKUGN/ATgwcbyz/kRmojslH8l6Mrlxq071bdzBrZvCxi+RKgU5ao3bU+A=="
    },
    "node_modules/d3": {
      "version": "3.5.17",
      "resolved": "https://registry.npmjs.org/d3/-/d3-3.5.17.tgz",
      "integrity": "sha1-vEZ0gAQ3iyGjYMn8fPUjF5B2L7g="
    },
    "node_modules/d3-browserify": {
      "version": "3.4.12",
      "resolved": "https://registry.npmjs.org/d3-browserify/-/d3-browserify-3.4.12.tgz",
      "integrity": "sha1-sS58yp0yhqxd7BLQpuxdzVeLXx0="
    },
    "node_modules/jquery": {
      "version": "3.6.0",
      "resolved": "https://registry.npmjs.org/jquery/-/jquery-3.6.0.tgz",
      "integrity": "sha512-JVzAR/AjBvVt2BmYhxRCSYysDsPcssdmTFnzyLEts9qNwmjmu4JTAMYubEfwVOSwpQ1I1sKKFcxhZCI2buerfw=="
    },
    "node_modules/nvd3": {
      "version": "1.1.15-beta2",
      "resolved": "https://registry.npmjs.org/nvd3/-/nvd3-1.1.15-beta2.tgz",
      "integrity": "sha1-EJPq+qjA54FyQ7aEgp1//1njhxk=",
      "dependencies": {
        "d3-browserify": "^3.4.12"
      }
    },
    "node_modules/tablesorter": {
      "version": "2.31.3",
      "resolved": "https://registry.npmjs.org/tablesorter/-/tablesorter-2.31.3.tgz",
      "integrity": "sha512-ueEzeKiMajDcCWnUoT1dOeNEaS1OmPh9+8J0O2Sjp3TTijMygH74EA9QNJiNkLJqULyNU0RhbKY26UMUq9iurA==",
      "dependencies": {
        "jquery": ">=1.2.6"
      }
    }
  },
  "dependencies": {
    "bootstrap": {
      "version": "3.4.1",
      "resolved": "https://registry.npmjs.org/bootstrap/-/bootstrap-3.4.1.tgz",
      "integrity": "sha512-yN5oZVmRCwe5aKwzRj6736nSmKDX7pLYwsXiCj/EYmo16hODaBiT4En5btW/jhBF/seV+XMx3aYwukYC3A49DA=="
    },
    "components-font-awesome": {
      "version": "5.9.0",
      "resolved": "https://registry.npmjs.org/components-font-awesome/-/components-font-awesome-5.9.0.tgz",
      "integrity": "sha512-AjY5WwmKripvroQ1oYpCC4eK8efavSKUGN/ATgwcbyz/kRmojslH8l6Mrlxq071bdzBrZvCxi+RKgU5ao3bU+A=="
    },
    "d3": {
      "version": "3.5.17",
      "resolved": "https://registry.npmjs.org/d3/-/d3-3.5.17.tgz",
      "integrity": "sha1-vEZ0gAQ3iyGjYMn8fPUjF5B2L7g="
    },
    "d3-browserify": {
      "version": "3.4.12",
      "resolved": "https://registry.npmjs.org/d3-browserify/-/d3-browserify-3.4.12.tgz",
      "integrity": "sha1-sS58yp0yhqxd7BLQpuxdzVeLXx0="
    },
    "jquery": {
      "version": "3.6.0",
      "resolved": "https://registry.npmjs.org/jquery/-/jquery-3.6.0.tgz",
      "integrity": "sha512-JVzAR/AjBvVt2BmYhxRCSYysDsPcssdmTFnzyLEts9qNwmjmu4JTAMYubEfwVOSwpQ1I1sKKFcxhZCI2buerfw=="
    },
    "nvd3": {
      "version": "1.1.15-beta2",
      "resolved": "https://registry.npmjs.org/nvd3/-/nvd3-1.1.15-beta2.tgz",
      "integrity": "sha1-EJPq+qjA54FyQ7aEgp1//1njhxk=",
      "requires": {
        "d3-browserify": "^3.4.12"
      }
    },
    "tablesorter": {
      "version": "2.31.3",
      "resolved": "https://registry.npmjs.org/tablesorter/-/tablesorter-2.31.3.tgz",
      "integrity": "sha512-ueEzeKiMajDcCWnUoT1dOeNEaS1OmPh9+8J0O2Sjp3TTijMygH74EA9QNJiNkLJqULyNU0RhbKY26UMUq9iurA==",
      "requires": {
        "jquery": ">=1.2.6"
      }
    }
  }
}
